
Microsoft Visual Studio Solution File, Format Version 12.00
# Visual Studio Version 17
VisualStudioVersion = 17.4.33110.190
MinimumVisualStudioVersion = 10.0.40219.1
Project("{9A19103F-16F7-4668-BE54-9A1E7A4F7556}") = "Tello.Core", "Tello.Core\Tello.Core.csproj", "{0C9B1054-A304-45AC-9781-241EC54F6A2D}"
EndProject
Project("{9A19103F-16F7-4668-BE54-9A1E7A4F7556}") = "Tello.Data", "Tello.Data\Tello.Data.csproj", "{2F7C1CAF-3DDB-45DE-9786-7F8B800E2A6B}"
EndProject
Project("{9A19103F-16F7-4668-BE54-9A1E7A4F7556}") = "Tello.Api", "Tello.Api\Tello.Api.csproj", "{3FD3F53B-908A-4BCB-B084-C209B02D424B}"
EndProject
Project("{FAE04EC0-301F-11D3-BF4B-00C04F79EFBC}") = "Tello.Service", "Tello.Service\Tello.Service.csproj", "{EE6B1B10-E102-4F7A-A8EC-0010A809D95C}"
EndProject
Global
	GlobalSection(SolutionConfigurationPlatforms) = preSolution
		Debug|Any CPU = Debug|Any CPU
		Release|Any CPU = Release|Any CPU
	EndGlobalSection
	GlobalSection(ProjectConfigurationPlatforms) = postSolution
		{0C9B1054-A304-45AC-9781-241EC54F6A2D}.Debug|Any CPU.ActiveCfg = Debug|Any CPU
		{0C9B1054-A304-45AC-9781-241EC54F6A2D}.Debug|Any CPU.Build.0 = Debug|Any CPU
		{0C9B1054-A304-45AC-9781-241EC54F6A2D}.Release|Any CPU.ActiveCfg = Release|Any CPU
		{0C9B1054-A304-45AC-9781-241EC54F6A2D}.Release|Any CPU.Build.0 = Release|Any CPU
		{2F7C1CAF-3DDB-45DE-9786-7F8B800E2A6B}.Debug|Any CPU.ActiveCfg = Debug|Any CPU
		{2F7C1CAF-3DDB-45DE-9786-7F8B800E2A6B}.Debug|Any CPU.Build.0 = Debug|Any CPU
		{2F7C1CAF-3DDB-45DE-9786-7F8B800E2A6B}.Release|Any CPU.ActiveCfg = Release|Any CPU
		{2F7C1CAF-3DDB-45DE-9786-7F8B800E2A6B}.Release|Any CPU.Build.0 = Release|Any CPU
		{3FD3F53B-908A-4BCB-B084-C209B02D424B}.Debug|Any CPU.ActiveCfg = Debug|Any CPU
		{3FD3F53B-908A-4BCB-B084-C209B02D424B}.Debug|Any CPU.Build.0 = Debug|Any CPU
		{3FD3F53B-908A-4BCB-B084-C209B02D424B}.Release|Any CPU.ActiveCfg = Release|Any CPU
		{3FD3F53B-908A-4BCB-B084-C209B02D424B}.Release|Any CPU.Build.0 = Release|Any CPU
		{EE6B1B10-E102-4F7A-A8EC-0010A809D95C}.Debug|Any CPU.ActiveCfg = Debug|Any CPU
		{EE6B1B10-E102-4F7A-A8EC-0010A809D95C}.Debug|Any CPU.Build.0 = Debug|Any CPU
		{EE6B1B10-E102-4F7A-A8EC-0010A809D95C}.Release|Any CPU.ActiveCfg = Release|Any CPU
		{EE6B1B10-E102-4F7A-A8EC-0010A809D95C}.Release|Any CPU.Build.0 = Release|Any CPU
	EndGlobalSection
	GlobalSection(SolutionProperties) = preSolution
		HideSolutionNode = FALSE
	EndGlobalSection
	GlobalSection(ExtensibilityGlobals) = postSolution
		SolutionGuid = {B053D4CA-A489-43DF-9BB4-D5285084CAF2}
	EndGlobalSection
EndGlobal
